
Microsoft Visual Studio Solution File, Format Version 12.00
# Visual Studio Version 17
VisualStudioVersion = 17.5.33530.505
MinimumVisualStudioVersion = 10.0.40219.1
Project("{FAE04EC0-301F-11D3-BF4B-00C04F79EFBC}") = "WielomianApp", "WielomianApp\WielomianApp.csproj", "{73B800A1-565D-4556-A2D3-BBC098C94653}"
EndProject
Project("{FAE04EC0-301F-11D3-BF4B-00C04F79EFBC}") = "WielomianLib", "WielomianLib\WielomianLib.csproj", "{AA26B922-6F2E-419F-B250-D028CD40A435}"
EndProject
Project("{FAE04EC0-301F-11D3-BF4B-00C04F79EFBC}") = "WielomianTests", "WielomianTests\WielomianTests.csproj", "{AF13BE87-CD66-4FD9-8BD3-45B09A602A04}"
EndProject
Global
	GlobalSection(SolutionConfigurationPlatforms) = preSolution
		Debug|Any CPU = Debug|Any CPU
		Release|Any CPU = Release|Any CPU
	EndGlobalSection
	GlobalSection(ProjectConfigurationPlatforms) = postSolution
		{73B800A1-565D-4556-A2D3-BBC098C94653}.Debug|Any CPU.ActiveCfg = Debug|Any CPU
		{73B800A1-565D-4556-A2D3-BBC098C94653}.Debug|Any CPU.Build.0 = Debug|Any CPU
		{73B800A1-565D-4556-A2D3-BBC098C94653}.Release|Any CPU.ActiveCfg = Release|Any CPU
		{73B800A1-565D-4556-A2D3-BBC098C94653}.Release|Any CPU.Build.0 = Release|Any CPU
		{AA26B922-6F2E-419F-B250-D028CD40A435}.Debug|Any CPU.ActiveCfg = Debug|Any CPU
		{AA26B922-6F2E-419F-B250-D028CD40A435}.Debug|Any CPU.Build.0 = Debug|Any CPU
		{AA26B922-6F2E-419F-B250-D028CD40A435}.Release|Any CPU.ActiveCfg = Release|Any CPU
		{AA26B922-6F2E-419F-B250-D028CD40A435}.Release|Any CPU.Build.0 = Release|Any CPU
		{AF13BE87-CD66-4FD9-8BD3-45B09A602A04}.Debug|Any CPU.ActiveCfg = Debug|Any CPU
		{AF13BE87-CD66-4FD9-8BD3-45B09A602A04}.Debug|Any CPU.Build.0 = Debug|Any CPU
		{AF13BE87-CD66-4FD9-8BD3-45B09A602A04}.Release|Any CPU.ActiveCfg = Release|Any CPU
		{AF13BE87-CD66-4FD9-8BD3-45B09A602A04}.Release|Any CPU.Build.0 = Release|Any CPU
	EndGlobalSection
	GlobalSection(SolutionProperties) = preSolution
		HideSolutionNode = FALSE
	EndGlobalSection
	GlobalSection(ExtensibilityGlobals) = postSolution
		SolutionGuid = {E44BF2ED-3313-47A2-906D-F18784311E2F}
	EndGlobalSection
EndGlobal
